
Microsoft Visual Studio Solution File, Format Version 12.00
# Visual Studio Version 17
VisualStudioVersion = 17.11.35219.272
MinimumVisualStudioVersion = 10.0.40219.1
Project("{FAE04EC0-301F-11D3-BF4B-00C04F79EFBC}") = "Sesion14", "Sesion14\Sesion14.csproj", "{FE23F0AF-31F6-4E65-BC5E-CB637B367214}"
EndProject
Global
	GlobalSection(SolutionConfigurationPlatforms) = preSolution
		Debug|Any CPU = Debug|Any CPU
		Release|Any CPU = Release|Any CPU
	EndGlobalSection
	GlobalSection(ProjectConfigurationPlatforms) = postSolution
		{FE23F0AF-31F6-4E65-BC5E-CB637B367214}.Debug|Any CPU.ActiveCfg = Debug|Any CPU
		{FE23F0AF-31F6-4E65-BC5E-CB637B367214}.Debug|Any CPU.Build.0 = Debug|Any CPU
		{FE23F0AF-31F6-4E65-BC5E-CB637B367214}.Release|Any CPU.ActiveCfg = Release|Any CPU
		{FE23F0AF-31F6-4E65-BC5E-CB637B367214}.Release|Any CPU.Build.0 = Release|Any CPU
	EndGlobalSection
	GlobalSection(SolutionProperties) = preSolution
		HideSolutionNode = FALSE
	EndGlobalSection
	GlobalSection(ExtensibilityGlobals) = postSolution
		SolutionGuid = {3CE384C8-F0A1-40CC-BFF5-F5538974D09F}
	EndGlobalSection
EndGlobal
